
Microsoft Visual Studio Solution File, Format Version 12.00
# Visual Studio Version 17
VisualStudioVersion = 17.6.33723.286
MinimumVisualStudioVersion = 10.0.40219.1
Project("{FAE04EC0-301F-11D3-BF4B-00C04F79EFBC}") = "KodXavmana", "KodXavmana\KodXavmana.csproj", "{1E67D130-C9D4-4419-9927-66A841EE0B9D}"
EndProject
Global
	GlobalSection(SolutionConfigurationPlatforms) = preSolution
		Debug|Any CPU = Debug|Any CPU
		Release|Any CPU = Release|Any CPU
	EndGlobalSection
	GlobalSection(ProjectConfigurationPlatforms) = postSolution
		{1E67D130-C9D4-4419-9927-66A841EE0B9D}.Debug|Any CPU.ActiveCfg = Debug|Any CPU
		{1E67D130-C9D4-4419-9927-66A841EE0B9D}.Debug|Any CPU.Build.0 = Debug|Any CPU
		{1E67D130-C9D4-4419-9927-66A841EE0B9D}.Release|Any CPU.ActiveCfg = Release|Any CPU
		{1E67D130-C9D4-4419-9927-66A841EE0B9D}.Release|Any CPU.Build.0 = Release|Any CPU
	EndGlobalSection
	GlobalSection(SolutionProperties) = preSolution
		HideSolutionNode = FALSE
	EndGlobalSection
	GlobalSection(ExtensibilityGlobals) = postSolution
		SolutionGuid = {647534C1-ED48-40FD-86E9-6E9AFF5F5D48}
	EndGlobalSection
EndGlobal
