
Microsoft Visual Studio Solution File, Format Version 12.00
# Visual Studio Version 17
VisualStudioVersion = 17.7.34031.279
MinimumVisualStudioVersion = 10.0.40219.1
Project("{FAE04EC0-301F-11D3-BF4B-00C04F79EFBC}") = "laba4", "laba4\laba4.csproj", "{46227020-2700-4DCB-9C5A-C396707E02CD}"
EndProject
Global
	GlobalSection(SolutionConfigurationPlatforms) = preSolution
		Debug|Any CPU = Debug|Any CPU
		Release|Any CPU = Release|Any CPU
	EndGlobalSection
	GlobalSection(ProjectConfigurationPlatforms) = postSolution
		{46227020-2700-4DCB-9C5A-C396707E02CD}.Debug|Any CPU.ActiveCfg = Debug|Any CPU
		{46227020-2700-4DCB-9C5A-C396707E02CD}.Debug|Any CPU.Build.0 = Debug|Any CPU
		{46227020-2700-4DCB-9C5A-C396707E02CD}.Release|Any CPU.ActiveCfg = Release|Any CPU
		{46227020-2700-4DCB-9C5A-C396707E02CD}.Release|Any CPU.Build.0 = Release|Any CPU
	EndGlobalSection
	GlobalSection(SolutionProperties) = preSolution
		HideSolutionNode = FALSE
	EndGlobalSection
	GlobalSection(ExtensibilityGlobals) = postSolution
		SolutionGuid = {DE79CB5F-C0AD-498D-85D1-7FD3441699A2}
	EndGlobalSection
EndGlobal
